
Microsoft Visual Studio Solution File, Format Version 12.00
# Visual Studio 15
VisualStudioVersion = 15.0.27004.2008
MinimumVisualStudioVersion = 10.0.40219.1
Project("{FAE04EC0-301F-11D3-BF4B-00C04F79EFBC}") = "AndroidWebAPI", "AndroidWebAPI\AndroidWebAPI.csproj", "{9861A2FA-345D-4C1C-9E88-E6081FCD501A}"
EndProject
Project("{FAE04EC0-301F-11D3-BF4B-00C04F79EFBC}") = "DAL", "DAL\DAL.csproj", "{9E1B6296-9177-48E8-98A5-0E537D613560}"
EndProject
Global
	GlobalSection(SolutionConfigurationPlatforms) = preSolution
		Debug|Any CPU = Debug|Any CPU
		Release|Any CPU = Release|Any CPU
	EndGlobalSection
	GlobalSection(ProjectConfigurationPlatforms) = postSolution
		{9861A2FA-345D-4C1C-9E88-E6081FCD501A}.Debug|Any CPU.ActiveCfg = Debug|Any CPU
		{9861A2FA-345D-4C1C-9E88-E6081FCD501A}.Debug|Any CPU.Build.0 = Debug|Any CPU
		{9861A2FA-345D-4C1C-9E88-E6081FCD501A}.Release|Any CPU.ActiveCfg = Release|Any CPU
		{9861A2FA-345D-4C1C-9E88-E6081FCD501A}.Release|Any CPU.Build.0 = Release|Any CPU
		{9E1B6296-9177-48E8-98A5-0E537D613560}.Debug|Any CPU.ActiveCfg = Debug|Any CPU
		{9E1B6296-9177-48E8-98A5-0E537D613560}.Debug|Any CPU.Build.0 = Debug|Any CPU
		{9E1B6296-9177-48E8-98A5-0E537D613560}.Release|Any CPU.ActiveCfg = Release|Any CPU
		{9E1B6296-9177-48E8-98A5-0E537D613560}.Release|Any CPU.Build.0 = Release|Any CPU
	EndGlobalSection
	GlobalSection(SolutionProperties) = preSolution
		HideSolutionNode = FALSE
	EndGlobalSection
	GlobalSection(ExtensibilityGlobals) = postSolution
		SolutionGuid = {47389561-200D-446D-8906-32E96915BD5F}
	EndGlobalSection
EndGlobal
